
Microsoft Visual Studio Solution File, Format Version 12.00
# Visual Studio Version 16
VisualStudioVersion = 16.0.31729.503
MinimumVisualStudioVersion = 10.0.40219.1
Project("{2150E333-8FDC-42A3-9474-1A3956D46DE8}") = "CoursCSharp", "CoursCSharp", "{15170D50-2111-481F-A6F6-B3CAF27D9752}"
EndProject
Project("{2150E333-8FDC-42A3-9474-1A3956D46DE8}") = "AffichageConsole", "AffichageConsole", "{02E96E6F-EEA5-41DD-BA8B-8C9015BE79AC}"
EndProject
Project("{2150E333-8FDC-42A3-9474-1A3956D46DE8}") = "ExercicesCSharp", "ExercicesCSharp", "{DA13D4A6-EECA-48B1-8268-74A39BEC67F6}"
EndProject
Project("{2150E333-8FDC-42A3-9474-1A3956D46DE8}") = "FormationCSharp", "FormationCSharp", "{4D7601B7-136A-4366-AA9E-0E1A4E1E97E4}"
EndProject
Project("{2150E333-8FDC-42A3-9474-1A3956D46DE8}") = "FormationPOO", "FormationPOO", "{DCA65B9D-B71F-46F7-951A-F3A1A1C79C03}"
EndProject
Project("{2150E333-8FDC-42A3-9474-1A3956D46DE8}") = "CoursPOO", "CoursPOO", "{4E4DE50D-7377-4583-B316-EBF9E20084BA}"
EndProject
Project("{2150E333-8FDC-42A3-9474-1A3956D46DE8}") = "ExercicesPOO", "ExercicesPOO", "{335AF74B-1619-40AF-BF5D-BA208E81BA0B}"
EndProject
Project("{2150E333-8FDC-42A3-9474-1A3956D46DE8}") = "LesTypesDeVariables", "LesTypesDeVariables", "{810163B2-E25B-4ED6-9E51-6ED3C46A6CBB}"
EndProject
Project("{9A19103F-16F7-4668-BE54-9A1E7A4F7556}") = "Exercice01", "ExercicesCSharp\Exercice1\Exercice01.csproj", "{075C2F43-5983-4E5D-A8CF-E4E1ED9AE8D4}"
EndProject
Project("{9A19103F-16F7-4668-BE54-9A1E7A4F7556}") = "Exercice02", "ExercicesCSharp\Exercice2\Exercice02.csproj", "{24F851C7-F1B4-4CC5-A27B-293C9126C6A0}"
EndProject
Project("{9A19103F-16F7-4668-BE54-9A1E7A4F7556}") = "Exercice03", "ExercicesCSharp\Exercice3\Exercice03.csproj", "{9C8C8917-7177-4FFB-8260-1BEEB72F3587}"
EndProject
Project("{9A19103F-16F7-4668-BE54-9A1E7A4F7556}") = "Exercice04", "ExercicesCSharp\Exercice4\Exercice04.csproj", "{3D240516-2149-4EE3-A0F4-1CB33BC8B978}"
EndProject
Project("{9A19103F-16F7-4668-BE54-9A1E7A4F7556}") = "Exercice05", "ExercicesCSharp\Exercice5\Exercice05.csproj", "{AA66953C-E0B2-450A-84EB-7B26ABFE0F53}"
EndProject
Project("{9A19103F-16F7-4668-BE54-9A1E7A4F7556}") = "AffichageConsole", "FormationCSharp\AffichageConsole\AffichageConsole.csproj", "{C91A115F-218B-460E-9A3E-01B39329FF5D}"
EndProject
Project("{9A19103F-16F7-4668-BE54-9A1E7A4F7556}") = "LesTypesDeVariables", "FormationCSharp\LesTypesDeVariables\LesTypesDeVariables.csproj", "{1BD8C741-A17A-43AA-9DF5-0ABA18D531C9}"
EndProject
Project("{9A19103F-16F7-4668-BE54-9A1E7A4F7556}") = "Exercice06", "ExercicesCSharp\Exercice6\Exercice06.csproj", "{5B63FBAB-201C-439C-942C-764E59779407}"
EndProject
Project("{9A19103F-16F7-4668-BE54-9A1E7A4F7556}") = "Exercice07", "ExercicesCSharp\Exercice7\Exercice07.csproj", "{A5BFF4C7-DD5E-4F73-8250-05623943FC7C}"
EndProject
Project("{9A19103F-16F7-4668-BE54-9A1E7A4F7556}") = "Exercice08", "ExercicesCSharp\Exercice8\Exercice08.csproj", "{D2D3B116-8B5A-4D87-8E5D-2B070C4A6713}"
EndProject
Project("{9A19103F-16F7-4668-BE54-9A1E7A4F7556}") = "Exercice09", "ExercicesCSharp\Exercice9\Exercice09.csproj", "{8BABD5AF-3912-493F-8379-9CB86A76784C}"
EndProject
Project("{2150E333-8FDC-42A3-9474-1A3956D46DE8}") = "LesConditionsEtBoucles", "LesConditionsEtBoucles", "{ED0DB331-65C6-4D88-AECE-0841FFAD711B}"
EndProject
Project("{9A19103F-16F7-4668-BE54-9A1E7A4F7556}") = "InstructionIf-ElseIf-Else", "InstructionIfElse\InstructionIf-ElseIf-Else.csproj", "{70DD42A8-3B75-47B6-A63F-619189CEF00B}"
EndProject
Project("{9A19103F-16F7-4668-BE54-9A1E7A4F7556}") = "Exercice10", "ExercicesCSharp\Exercice10\Exercice10.csproj", "{7B791966-70E2-4D67-9F88-7D903A3202A5}"
EndProject
Project("{9A19103F-16F7-4668-BE54-9A1E7A4F7556}") = "Exercice11", "ExercicesCSharp\Exercice11\Exercice11.csproj", "{708DA6C7-3D2D-46AF-8A31-EE6A89297580}"
EndProject
Project("{9A19103F-16F7-4668-BE54-9A1E7A4F7556}") = "Exercice12", "ExercicesCSharp\Exercice12\Exercice12.csproj", "{2F726C7B-51F4-4EB2-9BC8-5A83FDEF8664}"
EndProject
Project("{9A19103F-16F7-4668-BE54-9A1E7A4F7556}") = "Exercice13", "ExercicesCSharp\Exercice13\Exercice13.csproj", "{6AE793A3-E84D-465B-A8B6-27F377A34E0F}"
EndProject
Project("{9A19103F-16F7-4668-BE54-9A1E7A4F7556}") = "Exercice14", "ExercicesCSharp\Exercice14\Exercice14.csproj", "{03A84CC5-D1F2-4F89-86F9-E74231A30746}"
EndProject
Project("{9A19103F-16F7-4668-BE54-9A1E7A4F7556}") = "Exercice15", "ExercicesCSharp\Exercice15\Exercice15.csproj", "{ABB9D1BB-A8AA-4072-9E16-F344D2519BB7}"
EndProject
Project("{9A19103F-16F7-4668-BE54-9A1E7A4F7556}") = "Exercice16", "ExercicesCSharp\Exercice16\Exercice16.csproj", "{2C760404-F8AA-4DC1-BEF6-C13FAE6CBFB3}"
EndProject
Global
	GlobalSection(SolutionConfigurationPlatforms) = preSolution
		Debug|Any CPU = Debug|Any CPU
		Release|Any CPU = Release|Any CPU
	EndGlobalSection
	GlobalSection(ProjectConfigurationPlatforms) = postSolution
		{075C2F43-5983-4E5D-A8CF-E4E1ED9AE8D4}.Debug|Any CPU.ActiveCfg = Debug|Any CPU
		{075C2F43-5983-4E5D-A8CF-E4E1ED9AE8D4}.Debug|Any CPU.Build.0 = Debug|Any CPU
		{075C2F43-5983-4E5D-A8CF-E4E1ED9AE8D4}.Release|Any CPU.ActiveCfg = Release|Any CPU
		{075C2F43-5983-4E5D-A8CF-E4E1ED9AE8D4}.Release|Any CPU.Build.0 = Release|Any CPU
		{24F851C7-F1B4-4CC5-A27B-293C9126C6A0}.Debug|Any CPU.ActiveCfg = Debug|Any CPU
		{24F851C7-F1B4-4CC5-A27B-293C9126C6A0}.Debug|Any CPU.Build.0 = Debug|Any CPU
		{24F851C7-F1B4-4CC5-A27B-293C9126C6A0}.Release|Any CPU.ActiveCfg = Release|Any CPU
		{24F851C7-F1B4-4CC5-A27B-293C9126C6A0}.Release|Any CPU.Build.0 = Release|Any CPU
		{9C8C8917-7177-4FFB-8260-1BEEB72F3587}.Debug|Any CPU.ActiveCfg = Debug|Any CPU
		{9C8C8917-7177-4FFB-8260-1BEEB72F3587}.Debug|Any CPU.Build.0 = Debug|Any CPU
		{9C8C8917-7177-4FFB-8260-1BEEB72F3587}.Release|Any CPU.ActiveCfg = Release|Any CPU
		{9C8C8917-7177-4FFB-8260-1BEEB72F3587}.Release|Any CPU.Build.0 = Release|Any CPU
		{3D240516-2149-4EE3-A0F4-1CB33BC8B978}.Debug|Any CPU.ActiveCfg = Debug|Any CPU
		{3D240516-2149-4EE3-A0F4-1CB33BC8B978}.Debug|Any CPU.Build.0 = Debug|Any CPU
		{3D240516-2149-4EE3-A0F4-1CB33BC8B978}.Release|Any CPU.ActiveCfg = Release|Any CPU
		{3D240516-2149-4EE3-A0F4-1CB33BC8B978}.Release|Any CPU.Build.0 = Release|Any CPU
		{AA66953C-E0B2-450A-84EB-7B26ABFE0F53}.Debug|Any CPU.ActiveCfg = Debug|Any CPU
		{AA66953C-E0B2-450A-84EB-7B26ABFE0F53}.Debug|Any CPU.Build.0 = Debug|Any CPU
		{AA66953C-E0B2-450A-84EB-7B26ABFE0F53}.Release|Any CPU.ActiveCfg = Release|Any CPU
		{AA66953C-E0B2-450A-84EB-7B26ABFE0F53}.Release|Any CPU.Build.0 = Release|Any CPU
		{C91A115F-218B-460E-9A3E-01B39329FF5D}.Debug|Any CPU.ActiveCfg = Debug|Any CPU
		{C91A115F-218B-460E-9A3E-01B39329FF5D}.Debug|Any CPU.Build.0 = Debug|Any CPU
		{C91A115F-218B-460E-9A3E-01B39329FF5D}.Release|Any CPU.ActiveCfg = Release|Any CPU
		{C91A115F-218B-460E-9A3E-01B39329FF5D}.Release|Any CPU.Build.0 = Release|Any CPU
		{1BD8C741-A17A-43AA-9DF5-0ABA18D531C9}.Debug|Any CPU.ActiveCfg = Debug|Any CPU
		{1BD8C741-A17A-43AA-9DF5-0ABA18D531C9}.Debug|Any CPU.Build.0 = Debug|Any CPU
		{1BD8C741-A17A-43AA-9DF5-0ABA18D531C9}.Release|Any CPU.ActiveCfg = Release|Any CPU
		{1BD8C741-A17A-43AA-9DF5-0ABA18D531C9}.Release|Any CPU.Build.0 = Release|Any CPU
		{5B63FBAB-201C-439C-942C-764E59779407}.Debug|Any CPU.ActiveCfg = Debug|Any CPU
		{5B63FBAB-201C-439C-942C-764E59779407}.Debug|Any CPU.Build.0 = Debug|Any CPU
		{5B63FBAB-201C-439C-942C-764E59779407}.Release|Any CPU.ActiveCfg = Release|Any CPU
		{5B63FBAB-201C-439C-942C-764E59779407}.Release|Any CPU.Build.0 = Release|Any CPU
		{A5BFF4C7-DD5E-4F73-8250-05623943FC7C}.Debug|Any CPU.ActiveCfg = Debug|Any CPU
		{A5BFF4C7-DD5E-4F73-8250-05623943FC7C}.Debug|Any CPU.Build.0 = Debug|Any CPU
		{A5BFF4C7-DD5E-4F73-8250-05623943FC7C}.Release|Any CPU.ActiveCfg = Release|Any CPU
		{A5BFF4C7-DD5E-4F73-8250-05623943FC7C}.Release|Any CPU.Build.0 = Release|Any CPU
		{D2D3B116-8B5A-4D87-8E5D-2B070C4A6713}.Debug|Any CPU.ActiveCfg = Debug|Any CPU
		{D2D3B116-8B5A-4D87-8E5D-2B070C4A6713}.Debug|Any CPU.Build.0 = Debug|Any CPU
		{D2D3B116-8B5A-4D87-8E5D-2B070C4A6713}.Release|Any CPU.ActiveCfg = Release|Any CPU
		{D2D3B116-8B5A-4D87-8E5D-2B070C4A6713}.Release|Any CPU.Build.0 = Release|Any CPU
		{8BABD5AF-3912-493F-8379-9CB86A76784C}.Debug|Any CPU.ActiveCfg = Debug|Any CPU
		{8BABD5AF-3912-493F-8379-9CB86A76784C}.Debug|Any CPU.Build.0 = Debug|Any CPU
		{8BABD5AF-3912-493F-8379-9CB86A76784C}.Release|Any CPU.ActiveCfg = Release|Any CPU
		{8BABD5AF-3912-493F-8379-9CB86A76784C}.Release|Any CPU.Build.0 = Release|Any CPU
		{70DD42A8-3B75-47B6-A63F-619189CEF00B}.Debug|Any CPU.ActiveCfg = Debug|Any CPU
		{70DD42A8-3B75-47B6-A63F-619189CEF00B}.Debug|Any CPU.Build.0 = Debug|Any CPU
		{70DD42A8-3B75-47B6-A63F-619189CEF00B}.Release|Any CPU.ActiveCfg = Release|Any CPU
		{70DD42A8-3B75-47B6-A63F-619189CEF00B}.Release|Any CPU.Build.0 = Release|Any CPU
		{7B791966-70E2-4D67-9F88-7D903A3202A5}.Debug|Any CPU.ActiveCfg = Debug|Any CPU
		{7B791966-70E2-4D67-9F88-7D903A3202A5}.Debug|Any CPU.Build.0 = Debug|Any CPU
		{7B791966-70E2-4D67-9F88-7D903A3202A5}.Release|Any CPU.ActiveCfg = Release|Any CPU
		{7B791966-70E2-4D67-9F88-7D903A3202A5}.Release|Any CPU.Build.0 = Release|Any CPU
		{708DA6C7-3D2D-46AF-8A31-EE6A89297580}.Debug|Any CPU.ActiveCfg = Debug|Any CPU
		{708DA6C7-3D2D-46AF-8A31-EE6A89297580}.Debug|Any CPU.Build.0 = Debug|Any CPU
		{708DA6C7-3D2D-46AF-8A31-EE6A89297580}.Release|Any CPU.ActiveCfg = Release|Any CPU
		{708DA6C7-3D2D-46AF-8A31-EE6A89297580}.Release|Any CPU.Build.0 = Release|Any CPU
		{2F726C7B-51F4-4EB2-9BC8-5A83FDEF8664}.Debug|Any CPU.ActiveCfg = Debug|Any CPU
		{2F726C7B-51F4-4EB2-9BC8-5A83FDEF8664}.Debug|Any CPU.Build.0 = Debug|Any CPU
		{2F726C7B-51F4-4EB2-9BC8-5A83FDEF8664}.Release|Any CPU.ActiveCfg = Release|Any CPU
		{2F726C7B-51F4-4EB2-9BC8-5A83FDEF8664}.Release|Any CPU.Build.0 = Release|Any CPU
		{6AE793A3-E84D-465B-A8B6-27F377A34E0F}.Debug|Any CPU.ActiveCfg = Debug|Any CPU
		{6AE793A3-E84D-465B-A8B6-27F377A34E0F}.Debug|Any CPU.Build.0 = Debug|Any CPU
		{6AE793A3-E84D-465B-A8B6-27F377A34E0F}.Release|Any CPU.ActiveCfg = Release|Any CPU
		{6AE793A3-E84D-465B-A8B6-27F377A34E0F}.Release|Any CPU.Build.0 = Release|Any CPU
		{03A84CC5-D1F2-4F89-86F9-E74231A30746}.Debug|Any CPU.ActiveCfg = Debug|Any CPU
		{03A84CC5-D1F2-4F89-86F9-E74231A30746}.Debug|Any CPU.Build.0 = Debug|Any CPU
		{03A84CC5-D1F2-4F89-86F9-E74231A30746}.Release|Any CPU.ActiveCfg = Release|Any CPU
		{03A84CC5-D1F2-4F89-86F9-E74231A30746}.Release|Any CPU.Build.0 = Release|Any CPU
		{ABB9D1BB-A8AA-4072-9E16-F344D2519BB7}.Debug|Any CPU.ActiveCfg = Debug|Any CPU
		{ABB9D1BB-A8AA-4072-9E16-F344D2519BB7}.Debug|Any CPU.Build.0 = Debug|Any CPU
		{ABB9D1BB-A8AA-4072-9E16-F344D2519BB7}.Release|Any CPU.ActiveCfg = Release|Any CPU
		{ABB9D1BB-A8AA-4072-9E16-F344D2519BB7}.Release|Any CPU.Build.0 = Release|Any CPU
		{2C760404-F8AA-4DC1-BEF6-C13FAE6CBFB3}.Debug|Any CPU.ActiveCfg = Debug|Any CPU
		{2C760404-F8AA-4DC1-BEF6-C13FAE6CBFB3}.Debug|Any CPU.Build.0 = Debug|Any CPU
		{2C760404-F8AA-4DC1-BEF6-C13FAE6CBFB3}.Release|Any CPU.ActiveCfg = Release|Any CPU
		{2C760404-F8AA-4DC1-BEF6-C13FAE6CBFB3}.Release|Any CPU.Build.0 = Release|Any CPU
	EndGlobalSection
	GlobalSection(SolutionProperties) = preSolution
		HideSolutionNode = FALSE
	EndGlobalSection
	GlobalSection(NestedProjects) = preSolution
		{15170D50-2111-481F-A6F6-B3CAF27D9752} = {4D7601B7-136A-4366-AA9E-0E1A4E1E97E4}
		{02E96E6F-EEA5-41DD-BA8B-8C9015BE79AC} = {15170D50-2111-481F-A6F6-B3CAF27D9752}
		{DA13D4A6-EECA-48B1-8268-74A39BEC67F6} = {4D7601B7-136A-4366-AA9E-0E1A4E1E97E4}
		{4E4DE50D-7377-4583-B316-EBF9E20084BA} = {DCA65B9D-B71F-46F7-951A-F3A1A1C79C03}
		{335AF74B-1619-40AF-BF5D-BA208E81BA0B} = {DCA65B9D-B71F-46F7-951A-F3A1A1C79C03}
		{810163B2-E25B-4ED6-9E51-6ED3C46A6CBB} = {15170D50-2111-481F-A6F6-B3CAF27D9752}
		{075C2F43-5983-4E5D-A8CF-E4E1ED9AE8D4} = {DA13D4A6-EECA-48B1-8268-74A39BEC67F6}
		{24F851C7-F1B4-4CC5-A27B-293C9126C6A0} = {DA13D4A6-EECA-48B1-8268-74A39BEC67F6}
		{9C8C8917-7177-4FFB-8260-1BEEB72F3587} = {DA13D4A6-EECA-48B1-8268-74A39BEC67F6}
		{3D240516-2149-4EE3-A0F4-1CB33BC8B978} = {DA13D4A6-EECA-48B1-8268-74A39BEC67F6}
		{AA66953C-E0B2-450A-84EB-7B26ABFE0F53} = {DA13D4A6-EECA-48B1-8268-74A39BEC67F6}
		{C91A115F-218B-460E-9A3E-01B39329FF5D} = {02E96E6F-EEA5-41DD-BA8B-8C9015BE79AC}
		{1BD8C741-A17A-43AA-9DF5-0ABA18D531C9} = {810163B2-E25B-4ED6-9E51-6ED3C46A6CBB}
		{5B63FBAB-201C-439C-942C-764E59779407} = {DA13D4A6-EECA-48B1-8268-74A39BEC67F6}
		{A5BFF4C7-DD5E-4F73-8250-05623943FC7C} = {DA13D4A6-EECA-48B1-8268-74A39BEC67F6}
		{D2D3B116-8B5A-4D87-8E5D-2B070C4A6713} = {DA13D4A6-EECA-48B1-8268-74A39BEC67F6}
		{8BABD5AF-3912-493F-8379-9CB86A76784C} = {DA13D4A6-EECA-48B1-8268-74A39BEC67F6}
		{ED0DB331-65C6-4D88-AECE-0841FFAD711B} = {15170D50-2111-481F-A6F6-B3CAF27D9752}
		{70DD42A8-3B75-47B6-A63F-619189CEF00B} = {ED0DB331-65C6-4D88-AECE-0841FFAD711B}
		{7B791966-70E2-4D67-9F88-7D903A3202A5} = {DA13D4A6-EECA-48B1-8268-74A39BEC67F6}
		{708DA6C7-3D2D-46AF-8A31-EE6A89297580} = {DA13D4A6-EECA-48B1-8268-74A39BEC67F6}
		{2F726C7B-51F4-4EB2-9BC8-5A83FDEF8664} = {DA13D4A6-EECA-48B1-8268-74A39BEC67F6}
		{6AE793A3-E84D-465B-A8B6-27F377A34E0F} = {DA13D4A6-EECA-48B1-8268-74A39BEC67F6}
		{03A84CC5-D1F2-4F89-86F9-E74231A30746} = {DA13D4A6-EECA-48B1-8268-74A39BEC67F6}
		{ABB9D1BB-A8AA-4072-9E16-F344D2519BB7} = {DA13D4A6-EECA-48B1-8268-74A39BEC67F6}
		{2C760404-F8AA-4DC1-BEF6-C13FAE6CBFB3} = {DA13D4A6-EECA-48B1-8268-74A39BEC67F6}
	EndGlobalSection
	GlobalSection(ExtensibilityGlobals) = postSolution
		SolutionGuid = {D04D9408-6251-4750-92D5-423A8E21360A}
	EndGlobalSection
EndGlobal
