
Microsoft Visual Studio Solution File, Format Version 12.00
# Visual Studio Version 16
VisualStudioVersion = 16.0.31729.503
MinimumVisualStudioVersion = 10.0.40219.1
Project("{FAE04EC0-301F-11D3-BF4B-00C04F79EFBC}") = "AffichageConsole", "AffichageConsole\AffichageConsole.csproj", "{16EFE58B-72DB-4188-BA01-717D09FBD63D}"
EndProject
Project("{2150E333-8FDC-42A3-9474-1A3956D46DE8}") = "CoursCSharp", "CoursCSharp", "{15170D50-2111-481F-A6F6-B3CAF27D9752}"
EndProject
Project("{2150E333-8FDC-42A3-9474-1A3956D46DE8}") = "AffichageConsole", "AffichageConsole", "{02E96E6F-EEA5-41DD-BA8B-8C9015BE79AC}"
EndProject
Project("{2150E333-8FDC-42A3-9474-1A3956D46DE8}") = "ExercicesCSharp", "ExercicesCSharp", "{DA13D4A6-EECA-48B1-8268-74A39BEC67F6}"
EndProject
Project("{2150E333-8FDC-42A3-9474-1A3956D46DE8}") = "FormationCSharp", "FormationCSharp", "{4D7601B7-136A-4366-AA9E-0E1A4E1E97E4}"
EndProject
Project("{2150E333-8FDC-42A3-9474-1A3956D46DE8}") = "FormationPOO", "FormationPOO", "{DCA65B9D-B71F-46F7-951A-F3A1A1C79C03}"
EndProject
Project("{2150E333-8FDC-42A3-9474-1A3956D46DE8}") = "CoursPOO", "CoursPOO", "{4E4DE50D-7377-4583-B316-EBF9E20084BA}"
EndProject
Project("{2150E333-8FDC-42A3-9474-1A3956D46DE8}") = "ExercicesPOO", "ExercicesPOO", "{335AF74B-1619-40AF-BF5D-BA208E81BA0B}"
EndProject
Project("{2150E333-8FDC-42A3-9474-1A3956D46DE8}") = "LesTypesDeVariables", "LesTypesDeVariables", "{810163B2-E25B-4ED6-9E51-6ED3C46A6CBB}"
EndProject
Project("{FAE04EC0-301F-11D3-BF4B-00C04F79EFBC}") = "LesTypesDeVariables", "LesTypesDeVariables\LesTypesDeVariables.csproj", "{C57A2092-1FBE-4733-9844-0B99AD730080}"
EndProject
Global
	GlobalSection(SolutionConfigurationPlatforms) = preSolution
		Debug|Any CPU = Debug|Any CPU
		Release|Any CPU = Release|Any CPU
	EndGlobalSection
	GlobalSection(ProjectConfigurationPlatforms) = postSolution
		{16EFE58B-72DB-4188-BA01-717D09FBD63D}.Debug|Any CPU.ActiveCfg = Debug|Any CPU
		{16EFE58B-72DB-4188-BA01-717D09FBD63D}.Debug|Any CPU.Build.0 = Debug|Any CPU
		{16EFE58B-72DB-4188-BA01-717D09FBD63D}.Release|Any CPU.ActiveCfg = Release|Any CPU
		{16EFE58B-72DB-4188-BA01-717D09FBD63D}.Release|Any CPU.Build.0 = Release|Any CPU
		{C57A2092-1FBE-4733-9844-0B99AD730080}.Debug|Any CPU.ActiveCfg = Debug|Any CPU
		{C57A2092-1FBE-4733-9844-0B99AD730080}.Debug|Any CPU.Build.0 = Debug|Any CPU
		{C57A2092-1FBE-4733-9844-0B99AD730080}.Release|Any CPU.ActiveCfg = Release|Any CPU
		{C57A2092-1FBE-4733-9844-0B99AD730080}.Release|Any CPU.Build.0 = Release|Any CPU
	EndGlobalSection
	GlobalSection(SolutionProperties) = preSolution
		HideSolutionNode = FALSE
	EndGlobalSection
	GlobalSection(NestedProjects) = preSolution
		{16EFE58B-72DB-4188-BA01-717D09FBD63D} = {02E96E6F-EEA5-41DD-BA8B-8C9015BE79AC}
		{15170D50-2111-481F-A6F6-B3CAF27D9752} = {4D7601B7-136A-4366-AA9E-0E1A4E1E97E4}
		{02E96E6F-EEA5-41DD-BA8B-8C9015BE79AC} = {15170D50-2111-481F-A6F6-B3CAF27D9752}
		{DA13D4A6-EECA-48B1-8268-74A39BEC67F6} = {4D7601B7-136A-4366-AA9E-0E1A4E1E97E4}
		{4E4DE50D-7377-4583-B316-EBF9E20084BA} = {DCA65B9D-B71F-46F7-951A-F3A1A1C79C03}
		{335AF74B-1619-40AF-BF5D-BA208E81BA0B} = {DCA65B9D-B71F-46F7-951A-F3A1A1C79C03}
		{810163B2-E25B-4ED6-9E51-6ED3C46A6CBB} = {15170D50-2111-481F-A6F6-B3CAF27D9752}
		{C57A2092-1FBE-4733-9844-0B99AD730080} = {810163B2-E25B-4ED6-9E51-6ED3C46A6CBB}
	EndGlobalSection
	GlobalSection(ExtensibilityGlobals) = postSolution
		SolutionGuid = {D04D9408-6251-4750-92D5-423A8E21360A}
	EndGlobalSection
EndGlobal
