
Microsoft Visual Studio Solution File, Format Version 12.00
# Visual Studio Version 17
VisualStudioVersion = 17.0.31903.59
MinimumVisualStudioVersion = 10.0.40219.1
Project("{FAE04EC0-301F-11D3-BF4B-00C04F79EFBC}") = "CorrectionPetiteAnnonce", "CorrectionPetiteAnnonce\CorrectionPetiteAnnonce.csproj", "{03A8260B-0D59-4457-87DE-906CE4C62444}"
EndProject
Global
	GlobalSection(SolutionConfigurationPlatforms) = preSolution
		Debug|Any CPU = Debug|Any CPU
		Release|Any CPU = Release|Any CPU
	EndGlobalSection
	GlobalSection(ProjectConfigurationPlatforms) = postSolution
		{03A8260B-0D59-4457-87DE-906CE4C62444}.Debug|Any CPU.ActiveCfg = Debug|Any CPU
		{03A8260B-0D59-4457-87DE-906CE4C62444}.Debug|Any CPU.Build.0 = Debug|Any CPU
		{03A8260B-0D59-4457-87DE-906CE4C62444}.Release|Any CPU.ActiveCfg = Release|Any CPU
		{03A8260B-0D59-4457-87DE-906CE4C62444}.Release|Any CPU.Build.0 = Release|Any CPU
	EndGlobalSection
	GlobalSection(SolutionProperties) = preSolution
		HideSolutionNode = FALSE
	EndGlobalSection
	GlobalSection(ExtensibilityGlobals) = postSolution
		SolutionGuid = {D3A4FBF6-6E7A-4A4A-9632-94D5633BA5B9}
	EndGlobalSection
EndGlobal
