
Microsoft Visual Studio Solution File, Format Version 12.00
# Visual Studio Version 17
VisualStudioVersion = 17.0.31903.59
MinimumVisualStudioVersion = 10.0.40219.1
Project("{9A19103F-16F7-4668-BE54-9A1E7A4F7556}") = "CaisseEnregistreuse", "CaisseEnregistreuse\CaisseEnregistreuse.csproj", "{249D71CA-DCDB-4BB2-B03E-9713F75ED8F4}"
EndProject
Project("{9A19103F-16F7-4668-BE54-9A1E7A4F7556}") = "CorrectionWPF", "CorrectionWPF\CorrectionWPF.csproj", "{8D1B1F4D-2A68-4206-88B3-B033FFCB328F}"
EndProject
Project("{FAE04EC0-301F-11D3-BF4B-00C04F79EFBC}") = "CaisseTest", "CaisseTest\CaisseTest.csproj", "{F3A88C0A-FED6-4AC8-9548-770305514AA5}"
EndProject
Global
	GlobalSection(SolutionConfigurationPlatforms) = preSolution
		Debug|Any CPU = Debug|Any CPU
		Release|Any CPU = Release|Any CPU
	EndGlobalSection
	GlobalSection(ProjectConfigurationPlatforms) = postSolution
		{249D71CA-DCDB-4BB2-B03E-9713F75ED8F4}.Debug|Any CPU.ActiveCfg = Debug|Any CPU
		{249D71CA-DCDB-4BB2-B03E-9713F75ED8F4}.Debug|Any CPU.Build.0 = Debug|Any CPU
		{249D71CA-DCDB-4BB2-B03E-9713F75ED8F4}.Release|Any CPU.ActiveCfg = Release|Any CPU
		{249D71CA-DCDB-4BB2-B03E-9713F75ED8F4}.Release|Any CPU.Build.0 = Release|Any CPU
		{8D1B1F4D-2A68-4206-88B3-B033FFCB328F}.Debug|Any CPU.ActiveCfg = Debug|Any CPU
		{8D1B1F4D-2A68-4206-88B3-B033FFCB328F}.Debug|Any CPU.Build.0 = Debug|Any CPU
		{8D1B1F4D-2A68-4206-88B3-B033FFCB328F}.Release|Any CPU.ActiveCfg = Release|Any CPU
		{8D1B1F4D-2A68-4206-88B3-B033FFCB328F}.Release|Any CPU.Build.0 = Release|Any CPU
		{F3A88C0A-FED6-4AC8-9548-770305514AA5}.Debug|Any CPU.ActiveCfg = Debug|Any CPU
		{F3A88C0A-FED6-4AC8-9548-770305514AA5}.Debug|Any CPU.Build.0 = Debug|Any CPU
		{F3A88C0A-FED6-4AC8-9548-770305514AA5}.Release|Any CPU.ActiveCfg = Release|Any CPU
		{F3A88C0A-FED6-4AC8-9548-770305514AA5}.Release|Any CPU.Build.0 = Release|Any CPU
	EndGlobalSection
	GlobalSection(SolutionProperties) = preSolution
		HideSolutionNode = FALSE
	EndGlobalSection
	GlobalSection(ExtensibilityGlobals) = postSolution
		SolutionGuid = {4CB7E4A8-D825-4D97-86F2-43313C6088DA}
	EndGlobalSection
EndGlobal
